
Microsoft Visual Studio Solution File, Format Version 12.00
# Visual Studio Version 16
VisualStudioVersion = 16.0.30804.86
MinimumVisualStudioVersion = 10.0.40219.1
Project("{9A19103F-16F7-4668-BE54-9A1E7A4F7556}") = "tradeSDK", "tradeSDK\tradeSDK.csproj", "{E9F41FE5-A3E8-423F-A700-36A777A1EB88}"
EndProject
Project("{9A19103F-16F7-4668-BE54-9A1E7A4F7556}") = "ScreenerStocks", "ScreenerStocks\ScreenerStocks.csproj", "{C3C07092-704C-4135-89FF-ACFF54D3C15A}"
EndProject
Project("{9A19103F-16F7-4668-BE54-9A1E7A4F7556}") = "TradingAlgorithms", "TradingAlgorithms\TradingAlgorithms.csproj", "{062AA595-6179-4484-B6F2-B7FC2069116F}"
EndProject
Project("{2150E333-8FDC-42A3-9474-1A3956D46DE8}") = "Testing", "Testing", "{57183731-6DB1-4E25-A871-7831896F392B}"
EndProject
Project("{2150E333-8FDC-42A3-9474-1A3956D46DE8}") = "IndicatorLibraries", "IndicatorLibraries", "{DFB74E66-0034-4487-9F1C-2DEC1C2815F6}"
EndProject
Project("{9A19103F-16F7-4668-BE54-9A1E7A4F7556}") = "Indicators", "..\Stock.Indicators\indicators\Indicators.csproj", "{C8B88464-6559-4982-99A1-A1E9F9D083C0}"
EndProject
Project("{2150E333-8FDC-42A3-9474-1A3956D46DE8}") = "Skender", "Skender", "{1B243EE9-1FEE-4739-85CC-C18B8CEB6E1F}"
EndProject
Project("{2150E333-8FDC-42A3-9474-1A3956D46DE8}") = "Skender", "Skender", "{99C4175D-7928-48E1-A9CF-A57304314C0C}"
EndProject
Project("{9A19103F-16F7-4668-BE54-9A1E7A4F7556}") = "TinkoffData", "TinkoffData\TinkoffData.csproj", "{30F80A30-FDF6-4B2B-888C-2C38A713E0CE}"
EndProject
Project("{9A19103F-16F7-4668-BE54-9A1E7A4F7556}") = "TinkoffTrade", "TinkoffTrading\TinkoffTrade.csproj", "{B8DFF513-A737-4E75-9703-A57D1932B54F}"
EndProject
Project("{9A19103F-16F7-4668-BE54-9A1E7A4F7556}") = "Tests.Indicators", "..\Stock.Indicators\tests\indicators\Tests.Indicators.csproj", "{E2B835FE-2430-4149-B4F5-FB80002F0F7E}"
EndProject
Global
	GlobalSection(SolutionConfigurationPlatforms) = preSolution
		Debug|Any CPU = Debug|Any CPU
		Release|Any CPU = Release|Any CPU
	EndGlobalSection
	GlobalSection(ProjectConfigurationPlatforms) = postSolution
		{E9F41FE5-A3E8-423F-A700-36A777A1EB88}.Debug|Any CPU.ActiveCfg = Debug|Any CPU
		{E9F41FE5-A3E8-423F-A700-36A777A1EB88}.Debug|Any CPU.Build.0 = Debug|Any CPU
		{E9F41FE5-A3E8-423F-A700-36A777A1EB88}.Release|Any CPU.ActiveCfg = Release|Any CPU
		{E9F41FE5-A3E8-423F-A700-36A777A1EB88}.Release|Any CPU.Build.0 = Release|Any CPU
		{C3C07092-704C-4135-89FF-ACFF54D3C15A}.Debug|Any CPU.ActiveCfg = Debug|Any CPU
		{C3C07092-704C-4135-89FF-ACFF54D3C15A}.Debug|Any CPU.Build.0 = Debug|Any CPU
		{C3C07092-704C-4135-89FF-ACFF54D3C15A}.Release|Any CPU.ActiveCfg = Release|Any CPU
		{C3C07092-704C-4135-89FF-ACFF54D3C15A}.Release|Any CPU.Build.0 = Release|Any CPU
		{062AA595-6179-4484-B6F2-B7FC2069116F}.Debug|Any CPU.ActiveCfg = Debug|Any CPU
		{062AA595-6179-4484-B6F2-B7FC2069116F}.Debug|Any CPU.Build.0 = Debug|Any CPU
		{062AA595-6179-4484-B6F2-B7FC2069116F}.Release|Any CPU.ActiveCfg = Release|Any CPU
		{062AA595-6179-4484-B6F2-B7FC2069116F}.Release|Any CPU.Build.0 = Release|Any CPU
		{C8B88464-6559-4982-99A1-A1E9F9D083C0}.Debug|Any CPU.ActiveCfg = Debug|Any CPU
		{C8B88464-6559-4982-99A1-A1E9F9D083C0}.Debug|Any CPU.Build.0 = Debug|Any CPU
		{C8B88464-6559-4982-99A1-A1E9F9D083C0}.Release|Any CPU.ActiveCfg = Release|Any CPU
		{C8B88464-6559-4982-99A1-A1E9F9D083C0}.Release|Any CPU.Build.0 = Release|Any CPU
		{30F80A30-FDF6-4B2B-888C-2C38A713E0CE}.Debug|Any CPU.ActiveCfg = Debug|Any CPU
		{30F80A30-FDF6-4B2B-888C-2C38A713E0CE}.Debug|Any CPU.Build.0 = Debug|Any CPU
		{30F80A30-FDF6-4B2B-888C-2C38A713E0CE}.Release|Any CPU.ActiveCfg = Release|Any CPU
		{30F80A30-FDF6-4B2B-888C-2C38A713E0CE}.Release|Any CPU.Build.0 = Release|Any CPU
		{B8DFF513-A737-4E75-9703-A57D1932B54F}.Debug|Any CPU.ActiveCfg = Debug|Any CPU
		{B8DFF513-A737-4E75-9703-A57D1932B54F}.Debug|Any CPU.Build.0 = Debug|Any CPU
		{B8DFF513-A737-4E75-9703-A57D1932B54F}.Release|Any CPU.ActiveCfg = Release|Any CPU
		{B8DFF513-A737-4E75-9703-A57D1932B54F}.Release|Any CPU.Build.0 = Release|Any CPU
		{E2B835FE-2430-4149-B4F5-FB80002F0F7E}.Debug|Any CPU.ActiveCfg = Debug|Any CPU
		{E2B835FE-2430-4149-B4F5-FB80002F0F7E}.Debug|Any CPU.Build.0 = Debug|Any CPU
		{E2B835FE-2430-4149-B4F5-FB80002F0F7E}.Release|Any CPU.ActiveCfg = Release|Any CPU
		{E2B835FE-2430-4149-B4F5-FB80002F0F7E}.Release|Any CPU.Build.0 = Release|Any CPU
	EndGlobalSection
	GlobalSection(SolutionProperties) = preSolution
		HideSolutionNode = FALSE
	EndGlobalSection
	GlobalSection(NestedProjects) = preSolution
		{C8B88464-6559-4982-99A1-A1E9F9D083C0} = {1B243EE9-1FEE-4739-85CC-C18B8CEB6E1F}
		{1B243EE9-1FEE-4739-85CC-C18B8CEB6E1F} = {DFB74E66-0034-4487-9F1C-2DEC1C2815F6}
		{99C4175D-7928-48E1-A9CF-A57304314C0C} = {57183731-6DB1-4E25-A871-7831896F392B}
		{E2B835FE-2430-4149-B4F5-FB80002F0F7E} = {99C4175D-7928-48E1-A9CF-A57304314C0C}
	EndGlobalSection
	GlobalSection(ExtensibilityGlobals) = postSolution
		SolutionGuid = {A395CF63-296E-4FD2-9AE3-1D1DC0B710EE}
	EndGlobalSection
EndGlobal
