
Microsoft Visual Studio Solution File, Format Version 12.00
# Visual Studio Version 16
VisualStudioVersion = 16.0.30804.86
MinimumVisualStudioVersion = 10.0.40219.1
Project("{9A19103F-16F7-4668-BE54-9A1E7A4F7556}") = "tradeSDK", "tradeSDK\tradeSDK.csproj", "{E9F41FE5-A3E8-423F-A700-36A777A1EB88}"
EndProject
Project("{9A19103F-16F7-4668-BE54-9A1E7A4F7556}") = "ScreenerStocks", "ScreenerStocks\ScreenerStocks.csproj", "{C3C07092-704C-4135-89FF-ACFF54D3C15A}"
EndProject
Project("{9A19103F-16F7-4668-BE54-9A1E7A4F7556}") = "TradingAlgorithms", "TradingAlgorithms\TradingAlgorithms.csproj", "{062AA595-6179-4484-B6F2-B7FC2069116F}"
EndProject
Project("{9A19103F-16F7-4668-BE54-9A1E7A4F7556}") = "Tinkoff", "Tinkoff\Tinkoff.csproj", "{435E8937-F136-4E18-9BA8-0D032612A26A}"
EndProject
Project("{9A19103F-16F7-4668-BE54-9A1E7A4F7556}") = "Testing", "Testing\Testing.csproj", "{997EE21D-36F0-4DB1-918D-7C46497DB7C8}"
EndProject
Project("{9A19103F-16F7-4668-BE54-9A1E7A4F7556}") = "SkenderIndicators", "..\..\Stock.Indicators\indicators\SkenderIndicators.csproj", "{5F91A856-A81C-4D4D-A0F7-009006B01818}"
EndProject
Project("{9A19103F-16F7-4668-BE54-9A1E7A4F7556}") = "Tests.Indicators", "..\..\Stock.Indicators\tests\indicators\Tests.Indicators.csproj", "{18A5967B-6D06-42CF-8D8C-8DDBF749E694}"
EndProject
Project("{2150E333-8FDC-42A3-9474-1A3956D46DE8}") = "Tests", "Tests", "{57183731-6DB1-4E25-A871-7831896F392B}"
EndProject
Project("{9A19103F-16F7-4668-BE54-9A1E7A4F7556}") = "Tests.External", "..\..\Stock.Indicators\tests\external\Tests.External.csproj", "{8B6E1262-2778-4317-8379-55D6AF09AC03}"
EndProject
Project("{9A19103F-16F7-4668-BE54-9A1E7A4F7556}") = "Tests.Performance", "..\..\Stock.Indicators\tests\performance\Tests.Performance.csproj", "{D3AF6DDA-6113-4892-A4E0-3F8096A349F2}"
EndProject
Project("{2150E333-8FDC-42A3-9474-1A3956D46DE8}") = "Indicators", "Indicators", "{DFB74E66-0034-4487-9F1C-2DEC1C2815F6}"
EndProject
Global
	GlobalSection(SolutionConfigurationPlatforms) = preSolution
		Debug|Any CPU = Debug|Any CPU
		Release|Any CPU = Release|Any CPU
	EndGlobalSection
	GlobalSection(ProjectConfigurationPlatforms) = postSolution
		{E9F41FE5-A3E8-423F-A700-36A777A1EB88}.Debug|Any CPU.ActiveCfg = Debug|Any CPU
		{E9F41FE5-A3E8-423F-A700-36A777A1EB88}.Debug|Any CPU.Build.0 = Debug|Any CPU
		{E9F41FE5-A3E8-423F-A700-36A777A1EB88}.Release|Any CPU.ActiveCfg = Release|Any CPU
		{E9F41FE5-A3E8-423F-A700-36A777A1EB88}.Release|Any CPU.Build.0 = Release|Any CPU
		{C3C07092-704C-4135-89FF-ACFF54D3C15A}.Debug|Any CPU.ActiveCfg = Debug|Any CPU
		{C3C07092-704C-4135-89FF-ACFF54D3C15A}.Debug|Any CPU.Build.0 = Debug|Any CPU
		{C3C07092-704C-4135-89FF-ACFF54D3C15A}.Release|Any CPU.ActiveCfg = Release|Any CPU
		{C3C07092-704C-4135-89FF-ACFF54D3C15A}.Release|Any CPU.Build.0 = Release|Any CPU
		{062AA595-6179-4484-B6F2-B7FC2069116F}.Debug|Any CPU.ActiveCfg = Debug|Any CPU
		{062AA595-6179-4484-B6F2-B7FC2069116F}.Debug|Any CPU.Build.0 = Debug|Any CPU
		{062AA595-6179-4484-B6F2-B7FC2069116F}.Release|Any CPU.ActiveCfg = Release|Any CPU
		{062AA595-6179-4484-B6F2-B7FC2069116F}.Release|Any CPU.Build.0 = Release|Any CPU
		{435E8937-F136-4E18-9BA8-0D032612A26A}.Debug|Any CPU.ActiveCfg = Debug|Any CPU
		{435E8937-F136-4E18-9BA8-0D032612A26A}.Debug|Any CPU.Build.0 = Debug|Any CPU
		{435E8937-F136-4E18-9BA8-0D032612A26A}.Release|Any CPU.ActiveCfg = Release|Any CPU
		{435E8937-F136-4E18-9BA8-0D032612A26A}.Release|Any CPU.Build.0 = Release|Any CPU
		{997EE21D-36F0-4DB1-918D-7C46497DB7C8}.Debug|Any CPU.ActiveCfg = Debug|Any CPU
		{997EE21D-36F0-4DB1-918D-7C46497DB7C8}.Debug|Any CPU.Build.0 = Debug|Any CPU
		{997EE21D-36F0-4DB1-918D-7C46497DB7C8}.Release|Any CPU.ActiveCfg = Release|Any CPU
		{997EE21D-36F0-4DB1-918D-7C46497DB7C8}.Release|Any CPU.Build.0 = Release|Any CPU
		{5F91A856-A81C-4D4D-A0F7-009006B01818}.Debug|Any CPU.ActiveCfg = Debug|Any CPU
		{5F91A856-A81C-4D4D-A0F7-009006B01818}.Debug|Any CPU.Build.0 = Debug|Any CPU
		{5F91A856-A81C-4D4D-A0F7-009006B01818}.Release|Any CPU.ActiveCfg = Release|Any CPU
		{5F91A856-A81C-4D4D-A0F7-009006B01818}.Release|Any CPU.Build.0 = Release|Any CPU
		{18A5967B-6D06-42CF-8D8C-8DDBF749E694}.Debug|Any CPU.ActiveCfg = Debug|Any CPU
		{18A5967B-6D06-42CF-8D8C-8DDBF749E694}.Debug|Any CPU.Build.0 = Debug|Any CPU
		{18A5967B-6D06-42CF-8D8C-8DDBF749E694}.Release|Any CPU.ActiveCfg = Release|Any CPU
		{18A5967B-6D06-42CF-8D8C-8DDBF749E694}.Release|Any CPU.Build.0 = Release|Any CPU
		{8B6E1262-2778-4317-8379-55D6AF09AC03}.Debug|Any CPU.ActiveCfg = Debug|Any CPU
		{8B6E1262-2778-4317-8379-55D6AF09AC03}.Debug|Any CPU.Build.0 = Debug|Any CPU
		{8B6E1262-2778-4317-8379-55D6AF09AC03}.Release|Any CPU.ActiveCfg = Release|Any CPU
		{8B6E1262-2778-4317-8379-55D6AF09AC03}.Release|Any CPU.Build.0 = Release|Any CPU
		{D3AF6DDA-6113-4892-A4E0-3F8096A349F2}.Debug|Any CPU.ActiveCfg = Debug|Any CPU
		{D3AF6DDA-6113-4892-A4E0-3F8096A349F2}.Debug|Any CPU.Build.0 = Debug|Any CPU
		{D3AF6DDA-6113-4892-A4E0-3F8096A349F2}.Release|Any CPU.ActiveCfg = Release|Any CPU
		{D3AF6DDA-6113-4892-A4E0-3F8096A349F2}.Release|Any CPU.Build.0 = Release|Any CPU
	EndGlobalSection
	GlobalSection(SolutionProperties) = preSolution
		HideSolutionNode = FALSE
	EndGlobalSection
	GlobalSection(NestedProjects) = preSolution
		{5F91A856-A81C-4D4D-A0F7-009006B01818} = {DFB74E66-0034-4487-9F1C-2DEC1C2815F6}
		{18A5967B-6D06-42CF-8D8C-8DDBF749E694} = {57183731-6DB1-4E25-A871-7831896F392B}
		{8B6E1262-2778-4317-8379-55D6AF09AC03} = {57183731-6DB1-4E25-A871-7831896F392B}
		{D3AF6DDA-6113-4892-A4E0-3F8096A349F2} = {57183731-6DB1-4E25-A871-7831896F392B}
	EndGlobalSection
	GlobalSection(ExtensibilityGlobals) = postSolution
		SolutionGuid = {A395CF63-296E-4FD2-9AE3-1D1DC0B710EE}
	EndGlobalSection
EndGlobal
