
Microsoft Visual Studio Solution File, Format Version 12.00
# Visual Studio Version 16
VisualStudioVersion = 16.0.30804.86
MinimumVisualStudioVersion = 10.0.40219.1
Project("{9A19103F-16F7-4668-BE54-9A1E7A4F7556}") = "tradeSDK", "tradeSDK\tradeSDK.csproj", "{E9F41FE5-A3E8-423F-A700-36A777A1EB88}"
EndProject
Project("{2150E333-8FDC-42A3-9474-1A3956D46DE8}") = "Testing", "Testing", "{57183731-6DB1-4E25-A871-7831896F392B}"
EndProject
Project("{2150E333-8FDC-42A3-9474-1A3956D46DE8}") = "IndicatorLibraries", "IndicatorLibraries", "{DFB74E66-0034-4487-9F1C-2DEC1C2815F6}"
EndProject
Project("{9A19103F-16F7-4668-BE54-9A1E7A4F7556}") = "Indicators", "..\Stock.Indicators\indicators\Indicators.csproj", "{C8B88464-6559-4982-99A1-A1E9F9D083C0}"
EndProject
Project("{2150E333-8FDC-42A3-9474-1A3956D46DE8}") = "Skender", "Skender", "{1B243EE9-1FEE-4739-85CC-C18B8CEB6E1F}"
EndProject
Project("{2150E333-8FDC-42A3-9474-1A3956D46DE8}") = "Skender", "Skender", "{99C4175D-7928-48E1-A9CF-A57304314C0C}"
EndProject
Project("{9A19103F-16F7-4668-BE54-9A1E7A4F7556}") = "Tests.Indicators", "..\Stock.Indicators\tests\indicators\Tests.Indicators.csproj", "{E2B835FE-2430-4149-B4F5-FB80002F0F7E}"
EndProject
Project("{9A19103F-16F7-4668-BE54-9A1E7A4F7556}") = "RetryPolicyModel", "RetryPolicyModel\RetryPolicyModel.csproj", "{726C53C3-0EA9-40E1-9643-D3A733602D2C}"
EndProject
Project("{9A19103F-16F7-4668-BE54-9A1E7A4F7556}") = "Screeners(Temp)", "Screeners(Temp)\Screeners(Temp).csproj", "{1A20CDE0-ED22-40ED-A0EB-0CABA0325D3E}"
EndProject
Project("{9A19103F-16F7-4668-BE54-9A1E7A4F7556}") = "DataCollector", "DataCollector\DataCollector.csproj", "{75BE6939-3AA2-4DCA-A35D-72CC0A202525}"
EndProject
Project("{9A19103F-16F7-4668-BE54-9A1E7A4F7556}") = "Operations", "Operations\Operations.csproj", "{BEA29E3B-3B5E-4493-9FB0-8E14690CFFBF}"
EndProject
Project("{9A19103F-16F7-4668-BE54-9A1E7A4F7556}") = "Analysis", "Analysis\Analysis.csproj", "{476D400E-0A38-4793-9F84-C2BF20565253}"
EndProject
Project("{9A19103F-16F7-4668-BE54-9A1E7A4F7556}") = "TinkoffAdapter", "TinkoffAdapter\TinkoffAdapter.csproj", "{782A1AD2-9AB3-41E9-B2FA-060DAA74647A}"
EndProject
Project("{FAE04EC0-301F-11D3-BF4B-00C04F79EFBC}") = "MarketDataModules", "MarketDataModules\MarketDataModules.csproj", "{EC2599EF-CE6A-497C-B3AD-8C5473577E73}"
EndProject
Global
	GlobalSection(SolutionConfigurationPlatforms) = preSolution
		Debug|Any CPU = Debug|Any CPU
		Release|Any CPU = Release|Any CPU
	EndGlobalSection
	GlobalSection(ProjectConfigurationPlatforms) = postSolution
		{E9F41FE5-A3E8-423F-A700-36A777A1EB88}.Debug|Any CPU.ActiveCfg = Debug|Any CPU
		{E9F41FE5-A3E8-423F-A700-36A777A1EB88}.Debug|Any CPU.Build.0 = Debug|Any CPU
		{E9F41FE5-A3E8-423F-A700-36A777A1EB88}.Release|Any CPU.ActiveCfg = Release|Any CPU
		{E9F41FE5-A3E8-423F-A700-36A777A1EB88}.Release|Any CPU.Build.0 = Release|Any CPU
		{C8B88464-6559-4982-99A1-A1E9F9D083C0}.Debug|Any CPU.ActiveCfg = Debug|Any CPU
		{C8B88464-6559-4982-99A1-A1E9F9D083C0}.Debug|Any CPU.Build.0 = Debug|Any CPU
		{C8B88464-6559-4982-99A1-A1E9F9D083C0}.Release|Any CPU.ActiveCfg = Release|Any CPU
		{C8B88464-6559-4982-99A1-A1E9F9D083C0}.Release|Any CPU.Build.0 = Release|Any CPU
		{E2B835FE-2430-4149-B4F5-FB80002F0F7E}.Debug|Any CPU.ActiveCfg = Debug|Any CPU
		{E2B835FE-2430-4149-B4F5-FB80002F0F7E}.Debug|Any CPU.Build.0 = Debug|Any CPU
		{E2B835FE-2430-4149-B4F5-FB80002F0F7E}.Release|Any CPU.ActiveCfg = Release|Any CPU
		{E2B835FE-2430-4149-B4F5-FB80002F0F7E}.Release|Any CPU.Build.0 = Release|Any CPU
		{726C53C3-0EA9-40E1-9643-D3A733602D2C}.Debug|Any CPU.ActiveCfg = Debug|Any CPU
		{726C53C3-0EA9-40E1-9643-D3A733602D2C}.Debug|Any CPU.Build.0 = Debug|Any CPU
		{726C53C3-0EA9-40E1-9643-D3A733602D2C}.Release|Any CPU.ActiveCfg = Release|Any CPU
		{726C53C3-0EA9-40E1-9643-D3A733602D2C}.Release|Any CPU.Build.0 = Release|Any CPU
		{1A20CDE0-ED22-40ED-A0EB-0CABA0325D3E}.Debug|Any CPU.ActiveCfg = Debug|Any CPU
		{1A20CDE0-ED22-40ED-A0EB-0CABA0325D3E}.Debug|Any CPU.Build.0 = Debug|Any CPU
		{1A20CDE0-ED22-40ED-A0EB-0CABA0325D3E}.Release|Any CPU.ActiveCfg = Release|Any CPU
		{1A20CDE0-ED22-40ED-A0EB-0CABA0325D3E}.Release|Any CPU.Build.0 = Release|Any CPU
		{75BE6939-3AA2-4DCA-A35D-72CC0A202525}.Debug|Any CPU.ActiveCfg = Debug|Any CPU
		{75BE6939-3AA2-4DCA-A35D-72CC0A202525}.Debug|Any CPU.Build.0 = Debug|Any CPU
		{75BE6939-3AA2-4DCA-A35D-72CC0A202525}.Release|Any CPU.ActiveCfg = Release|Any CPU
		{75BE6939-3AA2-4DCA-A35D-72CC0A202525}.Release|Any CPU.Build.0 = Release|Any CPU
		{BEA29E3B-3B5E-4493-9FB0-8E14690CFFBF}.Debug|Any CPU.ActiveCfg = Debug|Any CPU
		{BEA29E3B-3B5E-4493-9FB0-8E14690CFFBF}.Debug|Any CPU.Build.0 = Debug|Any CPU
		{BEA29E3B-3B5E-4493-9FB0-8E14690CFFBF}.Release|Any CPU.ActiveCfg = Release|Any CPU
		{BEA29E3B-3B5E-4493-9FB0-8E14690CFFBF}.Release|Any CPU.Build.0 = Release|Any CPU
		{476D400E-0A38-4793-9F84-C2BF20565253}.Debug|Any CPU.ActiveCfg = Debug|Any CPU
		{476D400E-0A38-4793-9F84-C2BF20565253}.Debug|Any CPU.Build.0 = Debug|Any CPU
		{476D400E-0A38-4793-9F84-C2BF20565253}.Release|Any CPU.ActiveCfg = Release|Any CPU
		{476D400E-0A38-4793-9F84-C2BF20565253}.Release|Any CPU.Build.0 = Release|Any CPU
		{782A1AD2-9AB3-41E9-B2FA-060DAA74647A}.Debug|Any CPU.ActiveCfg = Debug|Any CPU
		{782A1AD2-9AB3-41E9-B2FA-060DAA74647A}.Debug|Any CPU.Build.0 = Debug|Any CPU
		{782A1AD2-9AB3-41E9-B2FA-060DAA74647A}.Release|Any CPU.ActiveCfg = Release|Any CPU
		{782A1AD2-9AB3-41E9-B2FA-060DAA74647A}.Release|Any CPU.Build.0 = Release|Any CPU
		{EC2599EF-CE6A-497C-B3AD-8C5473577E73}.Debug|Any CPU.ActiveCfg = Debug|Any CPU
		{EC2599EF-CE6A-497C-B3AD-8C5473577E73}.Debug|Any CPU.Build.0 = Debug|Any CPU
		{EC2599EF-CE6A-497C-B3AD-8C5473577E73}.Release|Any CPU.ActiveCfg = Release|Any CPU
		{EC2599EF-CE6A-497C-B3AD-8C5473577E73}.Release|Any CPU.Build.0 = Release|Any CPU
	EndGlobalSection
	GlobalSection(SolutionProperties) = preSolution
		HideSolutionNode = FALSE
	EndGlobalSection
	GlobalSection(NestedProjects) = preSolution
		{C8B88464-6559-4982-99A1-A1E9F9D083C0} = {1B243EE9-1FEE-4739-85CC-C18B8CEB6E1F}
		{1B243EE9-1FEE-4739-85CC-C18B8CEB6E1F} = {DFB74E66-0034-4487-9F1C-2DEC1C2815F6}
		{99C4175D-7928-48E1-A9CF-A57304314C0C} = {57183731-6DB1-4E25-A871-7831896F392B}
		{E2B835FE-2430-4149-B4F5-FB80002F0F7E} = {99C4175D-7928-48E1-A9CF-A57304314C0C}
	EndGlobalSection
	GlobalSection(ExtensibilityGlobals) = postSolution
		SolutionGuid = {A395CF63-296E-4FD2-9AE3-1D1DC0B710EE}
	EndGlobalSection
EndGlobal
